PODS:
  - device_info (0.0.1):
    - Flutter
  - eggnstone_amazon_chime (0.0.1):
    - Flutter
  - Flutter (1.0.0)
  - permission_handler_apple (9.0.4):
    - Flutter

DEPENDENCIES:
  - device_info (from `.symlinks/plugins/device_info/ios`)
  - eggnstone_amazon_chime (from `.symlinks/plugins/eggnstone_amazon_chime/ios`)
  - Flutter (from `Flutter`)
  - permission_handler_apple (from `.symlinks/plugins/permission_handler_apple/ios`)

EXTERNAL SOURCES:
  device_info:
    :path: ".symlinks/plugins/device_info/ios"
  eggnstone_amazon_chime:
    :path: ".symlinks/plugins/eggnstone_amazon_chime/ios"
  Flutter:
    :path: Flutter
  permission_handler_apple:
    :path: ".symlinks/plugins/permission_handler_apple/ios"

SPEC CHECKSUMS:
  device_info: d7d233b645a32c40dfdc212de5cf646ca482f175
  eggnstone_amazon_chime: aeed1caf6dc2b4fb4153a844491de6de696a777b
  Flutter: f04841e97a9d0b0a8025694d0796dd46242b2854
  permission_handler_apple: 44366e37eaf29454a1e7b1b7d736c2cceaeb17ce

PODFILE CHECKSUM: ed6c5131fc0a3f11053f8efcaea585072bb3f992

COCOAPODS: 1.11.3
