PODS:
  - device_info (0.0.1):
    - Flutter
  - eggnstone_amazon_chime (0.0.1):
    - Flutter
  - Flutter (1.0.0)
  - "permission_handler (5.0.1+1)":
    - Flutter

DEPENDENCIES:
  - device_info (from `.symlinks/plugins/device_info/ios`)
  - eggnstone_amazon_chime (from `.symlinks/plugins/eggnstone_amazon_chime/ios`)
  - Flutter (from `Flutter`)
  - permission_handler (from `.symlinks/plugins/permission_handler/ios`)

EXTERNAL SOURCES:
  device_info:
    :path: ".symlinks/plugins/device_info/ios"
  eggnstone_amazon_chime:
    :path: ".symlinks/plugins/eggnstone_amazon_chime/ios"
  Flutter:
    :path: Flutter
  permission_handler:
    :path: ".symlinks/plugins/permission_handler/ios"

SPEC CHECKSUMS:
  device_info: d7d233b645a32c40dfdc212de5cf646ca482f175
  eggnstone_amazon_chime: aeed1caf6dc2b4fb4153a844491de6de696a777b
  Flutter: 434fef37c0980e73bb6479ef766c45957d4b510c
  permission_handler: eac8e15b4a1a3fba55b761d19f3f4e6b005d15b6

PODFILE CHECKSUM: a75497545d4391e2d394c3668e20cfb1c2bbd4aa

COCOAPODS: 1.10.0
